// !$*UTF8*$!
{
	archiveVersion = 1;
	classes = {
	};
	objectVersion = 50;
	objects = {

/* Begin PBXBuildFile section */
		709AC2C92684D8260098E392 /* AppDelegate.m in Sources */ = {isa = PBXBuildFile; fileRef = 709AC2C82684D8260098E392 /* AppDelegate.m */; };
		709AC2CC2684D8260098E392 /* SceneDelegate.m in Sources */ = {isa = PBXBuildFile; fileRef = 709AC2CB2684D8260098E392 /* SceneDelegate.m */; };
		709AC2CF2684D8260098E392 /* ViewController.m in Sources */ = {isa = PBXBuildFile; fileRef = 709AC2CE2684D8260098E392 /* ViewController.m */; };
		709AC2D22684D8260098E392 /* Main.storyboard in Resources */ = {isa = PBXBuildFile; fileRef = 709AC2D02684D8260098E392 /* Main.storyboard */; };
		709AC2D42684D8270098E392 /* Assets.xcassets in Resources */ = {isa = PBXBuildFile; fileRef = 709AC2D32684D8270098E392 /* Assets.xcassets */; };
		709AC2D72684D8270098E392 /* LaunchScreen.storyboard in Resources */ = {isa = PBXBuildFile; fileRef = 709AC2D52684D8270098E392 /* LaunchScreen.storyboard */; };
		709AC2DA2684D8270098E392 /* main.m in Sources */ = {isa = PBXBuildFile; fileRef = 709AC2D92684D8270098E392 /* main.m */; };
		709AC2E42684D8270098E392 /* TumblrTests.m in Sources */ = {isa = PBXBuildFile; fileRef = 709AC2E32684D8270098E392 /* TumblrTests.m */; };
		709AC2EF2684D8270098E392 /* TumblrUITests.m in Sources */ = {isa = PBXBuildFile; fileRef = 709AC2EE2684D8270098E392 /* TumblrUITests.m */; };
/* End PBXBuildFile section */

/* Begin PBXContainerItemProxy section */
		709AC2E02684D8270098E392 /* PBXContainerItemProxy */ = {
			isa = PBXContainerItemProxy;
			containerPortal = 709AC2BC2684D8260098E392 /* Project object */;
			proxyType = 1;
			remoteGlobalIDString = 709AC2C32684D8260098E392;
			remoteInfo = Tumblr;
		};
		709AC2EB2684D8270098E392 /* PBXContainerItemProxy */ = {
			isa = PBXContainerItemProxy;
			containerPortal = 709AC2BC2684D8260098E392 /* Project object */;
			proxyType = 1;
			remoteGlobalIDString = 709AC2C32684D8260098E392;
			remoteInfo = Tumblr;
		};
/* End PBXContainerItemProxy section */

/* Begin PBXFileReference section */
		709AC2C42684D8260098E392 /* Tumblr.app */ = {isa = PBXFileReference; explicitFileType = wrapper.application; includeInIndex = 0; path = Tumblr.app; sourceTree = BUILT_PRODUCTS_DIR; };
		709AC2C72684D8260098E392 /* AppDelegate.h */ = {isa = PBXFileReference; lastKnownFileType = sourcecode.c.h; path = AppDelegate.h; sourceTree = "<group>"; };
		709AC2C82684D8260098E392 /* AppDelegate.m */ = {isa = PBXFileReference; lastKnownFileType = sourcecode.c.objc; path = AppDelegate.m; sourceTree = "<group>"; };
		709AC2CA2684D8260098E392 /* SceneDelegate.h */ = {isa = PBXFileReference; lastKnownFileType = sourcecode.c.h; path = SceneDelegate.h; sourceTree = "<group>"; };
		709AC2CB2684D8260098E392 /* SceneDelegate.m */ = {isa = PBXFileReference; lastKnownFileType = sourcecode.c.objc; path = SceneDelegate.m; sourceTree = "<group>"; };
		709AC2CD2684D8260098E392 /* ViewController.h */ = {isa = PBXFileReference; lastKnownFileType = sourcecode.c.h; path = ViewController.h; sourceTree = "<group>"; };
		709AC2CE2684D8260098E392 /* ViewController.m */ = {isa = PBXFileReference; lastKnownFileType = sourcecode.c.objc; path = ViewController.m; sourceTree = "<group>"; };
		709AC2D12684D8260098E392 /* Base */ = {isa = PBXFileReference; lastKnownFileType = file.storyboard; name = Base; path = Base.lproj/Main.storyboard; sourceTree = "<group>"; };
		709AC2D32684D8270098E392 /* Assets.xcassets */ = {isa = PBXFileReference; lastKnownFileType = folder.assetcatalog; path = Assets.xcassets; sourceTree = "<group>"; };
		709AC2D62684D8270098E392 /* Base */ = {isa = PBXFileReference; lastKnownFileType = file.storyboard; name = Base; path = Base.lproj/LaunchScreen.storyboard; sourceTree = "<group>"; };
		709AC2D82684D8270098E392 /* Info.plist */ = {isa = PBXFileReference; lastKnownFileType = text.plist.xml; path = Info.plist; sourceTree = "<group>"; };
		709AC2D92684D8270098E392 /* main.m */ = {isa = PBXFileReference; lastKnownFileType = sourcecode.c.objc; path = main.m; sourceTree = "<group>"; };
		709AC2DF2684D8270098E392 /* TumblrTests.xctest */ = {isa = PBXFileReference; explicitFileType = wrapper.cfbundle; includeInIndex = 0; path = TumblrTests.xctest; sourceTree = BUILT_PRODUCTS_DIR; };
		709AC2E32684D8270098E392 /* TumblrTests.m */ = {isa = PBXFileReference; lastKnownFileType = sourcecode.c.objc; path = TumblrTests.m; sourceTree = "<group>"; };
		709AC2E52684D8270098E392 /* Info.plist */ = {isa = PBXFileReference; lastKnownFileType = text.plist.xml; path = Info.plist; sourceTree = "<group>"; };
		709AC2EA2684D8270098E392 /* TumblrUITests.xctest */ = {isa = PBXFileReference; explicitFileType = wrapper.cfbundle; includeInIndex = 0; path = TumblrUITests.xctest; sourceTree = BUILT_PRODUCTS_DIR; };
		709AC2EE2684D8270098E392 /* TumblrUITests.m */ = {isa = PBXFileReference; lastKnownFileType = sourcecode.c.objc; path = TumblrUITests.m; sourceTree = "<group>"; };
		709AC2F02684D8270098E392 /* Info.plist */ = {isa = PBXFileReference; lastKnownFileType = text.plist.xml; path = Info.plist; sourceTree = "<group>"; };
/* End PBXFileReference section */

/* Begin PBXFrameworksBuildPhase section */
		709AC2C12684D8260098E392 /* Frameworks */ = {
			isa = PBXFrameworksBuildPhase;
			buildActionMask = 2147483647;
			files = (
			);
			runOnlyForDeploymentPostprocessing = 0;
		};
		709AC2DC2684D8270098E392 /* Frameworks */ = {
			isa = PBXFrameworksBuildPhase;
			buildActionMask = 2147483647;
			files = (
			);
			runOnlyForDeploymentPostprocessing = 0;
		};
		709AC2E72684D8270098E392 /* Frameworks */ = {
			isa = PBXFrameworksBuildPhase;
			buildActionMask = 2147483647;
			files = (
			);
			runOnlyForDeploymentPostprocessing = 0;
		};
/* End PBXFrameworksBuildPhase section */

/* Begin PBXGroup section */
		709AC2BB2684D8260098E392 = {
			isa = PBXGroup;
			children = (
				709AC2C62684D8260098E392 /* Tumblr */,
				709AC2E22684D8270098E392 /* TumblrTests */,
				709AC2ED2684D8270098E392 /* TumblrUITests */,
				709AC2C52684D8260098E392 /* Products */,
			);
			sourceTree = "<group>";
		};
		709AC2C52684D8260098E392 /* Products */ = {
			isa = PBXGroup;
			children = (
				709AC2C42684D8260098E392 /* Tumblr.app */,
				709AC2DF2684D8270098E392 /* TumblrTests.xctest */,
				709AC2EA2684D8270098E392 /* TumblrUITests.xctest */,
			);
			name = Products;
			sourceTree = "<group>";
		};
		709AC2C62684D8260098E392 /* Tumblr */ = {
			isa = PBXGroup;
			children = (
				709AC2C72684D8260098E392 /* AppDelegate.h */,
				709AC2C82684D8260098E392 /* AppDelegate.m */,
				709AC2CA2684D8260098E392 /* SceneDelegate.h */,
				709AC2CB2684D8260098E392 /* SceneDelegate.m */,
				709AC2CD2684D8260098E392 /* ViewController.h */,
				709AC2CE2684D8260098E392 /* ViewController.m */,
				709AC2D02684D8260098E392 /* Main.storyboard */,
				709AC2D32684D8270098E392 /* Assets.xcassets */,
				709AC2D52684D8270098E392 /* LaunchScreen.storyboard */,
				709AC2D82684D8270098E392 /* Info.plist */,
				709AC2D92684D8270098E392 /* main.m */,
			);
			path = Tumblr;
			sourceTree = "<group>";
		};
		709AC2E22684D8270098E392 /* TumblrTests */ = {
			isa = PBXGroup;
			children = (
				709AC2E32684D8270098E392 /* TumblrTests.m */,
				709AC2E52684D8270098E392 /* Info.plist */,
			);
			path = TumblrTests;
			sourceTree = "<group>";
		};
		709AC2ED2684D8270098E392 /* TumblrUITests */ = {
			isa = PBXGroup;
			children = (
				709AC2EE2684D8270098E392 /* TumblrUITests.m */,
				709AC2F02684D8270098E392 /* Info.plist */,
			);
			path = TumblrUITests;
			sourceTree = "<group>";
		};
/* End PBXGroup section */

/* Begin PBXNativeTarget section */
		709AC2C32684D8260098E392 /* Tumblr */ = {
			isa = PBXNativeTarget;
			buildConfigurationList = 709AC2F32684D8270098E392 /* Build configuration list for PBXNativeTarget "Tumblr" */;
			buildPhases = (
				709AC2C02684D8260098E392 /* Sources */,
				709AC2C12684D8260098E392 /* Frameworks */,
				709AC2C22684D8260098E392 /* Resources */,
			);
			buildRules = (
			);
			dependencies = (
			);
			name = Tumblr;
			productName = Tumblr;
			productReference = 709AC2C42684D8260098E392 /* Tumblr.app */;
			productType = "com.apple.product-type.application";
		};
		709AC2DE2684D8270098E392 /* TumblrTests */ = {
			isa = PBXNativeTarget;
			buildConfigurationList = 709AC2F62684D8270098E392 /* Build configuration list for PBXNativeTarget "TumblrTests" */;
			buildPhases = (
				709AC2DB2684D8270098E392 /* Sources */,
				709AC2DC2684D8270098E392 /* Frameworks */,
				709AC2DD2684D8270098E392 /* Resources */,
			);
			buildRules = (
			);
			dependencies = (
				709AC2E12684D8270098E392 /* PBXTargetDependency */,
			);
			name = TumblrTests;
			productName = TumblrTests;
			productReference = 709AC2DF2684D8270098E392 /* TumblrTests.xctest */;
			productType = "com.apple.product-type.bundle.unit-test";
		};
		709AC2E92684D8270098E392 /* TumblrUITests */ = {
			isa = PBXNativeTarget;
			buildConfigurationList = 709AC2F92684D8270098E392 /* Build configuration list for PBXNativeTarget "TumblrUITests" */;
			buildPhases = (
				709AC2E62684D8270098E392 /* Sources */,
				709AC2E72684D8270098E392 /* Frameworks */,
				709AC2E82684D8270098E392 /* Resources */,
			);
			buildRules = (
			);
			dependencies = (
				709AC2EC2684D8270098E392 /* PBXTargetDependency */,
			);
			name = TumblrUITests;
			productName = TumblrUITests;
			productReference = 709AC2EA2684D8270098E392 /* TumblrUITests.xctest */;
			productType = "com.apple.product-type.bundle.ui-testing";
		};
/* End PBXNativeTarget section */

/* Begin PBXProject section */
		709AC2BC2684D8260098E392 /* Project object */ = {
			isa = PBXProject;
			attributes = {
				LastUpgradeCheck = 1250;
				TargetAttributes = {
					709AC2C32684D8260098E392 = {
						CreatedOnToolsVersion = 12.5.1;
					};
					709AC2DE2684D8270098E392 = {
						CreatedOnToolsVersion = 12.5.1;
						TestTargetID = 709AC2C32684D8260098E392;
					};
					709AC2E92684D8270098E392 = {
						CreatedOnToolsVersion = 12.5.1;
						TestTargetID = 709AC2C32684D8260098E392;
					};
				};
			};
			buildConfigurationList = 709AC2BF2684D8260098E392 /* Build configuration list for PBXProject "Tumblr" */;
			compatibilityVersion = "Xcode 9.3";
			developmentRegion = en;
			hasScannedForEncodings = 0;
			knownRegions = (
				en,
				Base,
			);
			mainGroup = 709AC2BB2684D8260098E392;
			productRefGroup = 709AC2C52684D8260098E392 /* Products */;
			projectDirPath = "";
			projectRoot = "";
			targets = (
				709AC2C32684D8260098E392 /* Tumblr */,
				709AC2DE2684D8270098E392 /* TumblrTests */,
				709AC2E92684D8270098E392 /* TumblrUITests */,
			);
		};
/* End PBXProject section */

/* Begin PBXResourcesBuildPhase section */
		709AC2C22684D8260098E392 /* Resources */ = {
			isa = PBXResourcesBuildPhase;
			buildActionMask = 2147483647;
			files = (
				709AC2D72684D8270098E392 /* LaunchScreen.storyboard in Resources */,
				709AC2D42684D8270098E392 /* Assets.xcassets in Resources */,
				709AC2D22684D8260098E392 /* Main.storyboard in Resources */,
			);
			runOnlyForDeploymentPostprocessing = 0;
		};
		709AC2DD2684D8270098E392 /* Resources */ = {
			isa = PBXResourcesBuildPhase;
			buildActionMask = 2147483647;
			files = (
			);
			runOnlyForDeploymentPostprocessing = 0;
		};
		709AC2E82684D8270098E392 /* Resources */ = {
			isa = PBXResourcesBuildPhase;
			buildActionMask = 2147483647;
			files = (
			);
			runOnlyForDeploymentPostprocessing = 0;
		};
/* End PBXResourcesBuildPhase section */

/* Begin PBXSourcesBuildPhase section */
		709AC2C02684D8260098E392 /* Sources */ = {
			isa = PBXSourcesBuildPhase;
			buildActionMask = 2147483647;
			files = (
				709AC2CF2684D8260098E392 /* ViewController.m in Sources */,
				709AC2C92684D8260098E392 /* AppDelegate.m in Sources */,
				709AC2DA2684D8270098E392 /* main.m in Sources */,
				709AC2CC2684D8260098E392 /* SceneDelegate.m in Sources */,
			);
			runOnlyForDeploymentPostprocessing = 0;
		};
		709AC2DB2684D8270098E392 /* Sources */ = {
			isa = PBXSourcesBuildPhase;
			buildActionMask = 2147483647;
			files = (
				709AC2E42684D8270098E392 /* TumblrTests.m in Sources */,
			);
			runOnlyForDeploymentPostprocessing = 0;
		};
		709AC2E62684D8270098E392 /* Sources */ = {
			isa = PBXSourcesBuildPhase;
			buildActionMask = 2147483647;
			files = (
				709AC2EF2684D8270098E392 /* TumblrUITests.m in Sources */,
			);
			runOnlyForDeploymentPostprocessing = 0;
		};
/* End PBXSourcesBuildPhase section */

/* Begin PBXTargetDependency section */
		709AC2E12684D8270098E392 /* PBXTargetDependency */ = {
			isa = PBXTargetDependency;
			target = 709AC2C32684D8260098E392 /* Tumblr */;
			targetProxy = 709AC2E02684D8270098E392 /* PBXContainerItemProxy */;
		};
		709AC2EC2684D8270098E392 /* PBXTargetDependency */ = {
			isa = PBXTargetDependency;
			target = 709AC2C32684D8260098E392 /* Tumblr */;
			targetProxy = 709AC2EB2684D8270098E392 /* PBXContainerItemProxy */;
		};
/* End PBXTargetDependency section */

/* Begin PBXVariantGroup section */
		709AC2D02684D8260098E392 /* Main.storyboard */ = {
			isa = PBXVariantGroup;
			children = (
				709AC2D12684D8260098E392 /* Base */,
			);
			name = Main.storyboard;
			sourceTree = "<group>";
		};
		709AC2D52684D8270098E392 /* LaunchScreen.storyboard */ = {
			isa = PBXVariantGroup;
			children = (
				709AC2D62684D8270098E392 /* Base */,
			);
			name = LaunchScreen.storyboard;
			sourceTree = "<group>";
		};
/* End PBXVariantGroup section */

/* Begin XCBuildConfiguration section */
		709AC2F12684D8270098E392 /* Debug */ = {
			isa = XCBuildConfiguration;
			buildSettings = {
				ALWAYS_SEARCH_USER_PATHS = NO;
				CLANG_ANALYZER_NONNULL = YES;
				CLANG_ANALYZER_NUMBER_OBJECT_CONVERSION = YES_AGGRESSIVE;
				CLANG_CXX_LANGUAGE_STANDARD = "gnu++14";
				CLANG_CXX_LIBRARY = "libc++";
				CLANG_ENABLE_MODULES = YES;
				CLANG_ENABLE_OBJC_ARC = YES;
				CLANG_ENABLE_OBJC_WEAK = YES;
				CLANG_WARN_BLOCK_CAPTURE_AUTORELEASING = YES;
				CLANG_WARN_BOOL_CONVERSION = YES;
				CLANG_WARN_COMMA = YES;
				CLANG_WARN_CONSTANT_CONVERSION = YES;
				CLANG_WARN_DEPRECATED_OBJC_IMPLEMENTATIONS = YES;
				CLANG_WARN_DIRECT_OBJC_ISA_USAGE = YES_ERROR;
				CLANG_WARN_DOCUMENTATION_COMMENTS = YES;
				CLANG_WARN_EMPTY_BODY = YES;
				CLANG_WARN_ENUM_CONVERSION = YES;
				CLANG_WARN_INFINITE_RECURSION = YES;
				CLANG_WARN_INT_CONVERSION = YES;
				CLANG_WARN_NON_LITERAL_NULL_CONVERSION = YES;
				CLANG_WARN_OBJC_IMPLICIT_RETAIN_SELF = YES;
				CLANG_WARN_OBJC_LITERAL_CONVERSION = YES;
				CLANG_WARN_OBJC_ROOT_CLASS = YES_ERROR;
				CLANG_WARN_QUOTED_INCLUDE_IN_FRAMEWORK_HEADER = YES;
				CLANG_WARN_RANGE_LOOP_ANALYSIS = YES;
				CLANG_WARN_STRICT_PROTOTYPES = YES;
				CLANG_WARN_SUSPICIOUS_MOVE = YES;
				CLANG_WARN_UNGUARDED_AVAILABILITY = YES_AGGRESSIVE;
				CLANG_WARN_UNREACHABLE_CODE = YES;
				CLANG_WARN__DUPLICATE_METHOD_MATCH = YES;
				COPY_PHASE_STRIP = NO;
				DEBUG_INFORMATION_FORMAT = dwarf;
				ENABLE_STRICT_OBJC_MSGSEND = YES;
				ENABLE_TESTABILITY = YES;
				GCC_C_LANGUAGE_STANDARD = gnu11;
				GCC_DYNAMIC_NO_PIC = NO;
				GCC_NO_COMMON_BLOCKS = YES;
				GCC_OPTIMIZATION_LEVEL = 0;
				GCC_PREPROCESSOR_DEFINITIONS = (
					"DEBUG=1",
					"$(inherited)",
				);
				GCC_WARN_64_TO_32_BIT_CONVERSION = YES;
				GCC_WARN_ABOUT_RETURN_TYPE = YES_ERROR;
				GCC_WARN_UNDECLARED_SELECTOR = YES;
				GCC_WARN_UNINITIALIZED_AUTOS = YES_AGGRESSIVE;
				GCC_WARN_UNUSED_FUNCTION = YES;
				GCC_WARN_UNUSED_VARIABLE = YES;
				IPHONEOS_DEPLOYMENT_TARGET = 14.5;
				MTL_ENABLE_DEBUG_INFO = INCLUDE_SOURCE;
				MTL_FAST_MATH = YES;
				ONLY_ACTIVE_ARCH = YES;
				SDKROOT = iphoneos;
			};
			name = Debug;
		};
		709AC2F22684D8270098E392 /* Release */ = {
			isa = XCBuildConfiguration;
			buildSettings = {
				ALWAYS_SEARCH_USER_PATHS = NO;
				CLANG_ANALYZER_NONNULL = YES;
				CLANG_ANALYZER_NUMBER_OBJECT_CONVERSION = YES_AGGRESSIVE;
				CLANG_CXX_LANGUAGE_STANDARD = "gnu++14";
				CLANG_CXX_LIBRARY = "libc++";
				CLANG_ENABLE_MODULES = YES;
				CLANG_ENABLE_OBJC_ARC = YES;
				CLANG_ENABLE_OBJC_WEAK = YES;
				CLANG_WARN_BLOCK_CAPTURE_AUTORELEASING = YES;
				CLANG_WARN_BOOL_CONVERSION = YES;
				CLANG_WARN_COMMA = YES;
				CLANG_WARN_CONSTANT_CONVERSION = YES;
				CLANG_WARN_DEPRECATED_OBJC_IMPLEMENTATIONS = YES;
				CLANG_WARN_DIRECT_OBJC_ISA_USAGE = YES_ERROR;
				CLANG_WARN_DOCUMENTATION_COMMENTS = YES;
				CLANG_WARN_EMPTY_BODY = YES;
				CLANG_WARN_ENUM_CONVERSION = YES;
				CLANG_WARN_INFINITE_RECURSION = YES;
				CLANG_WARN_INT_CONVERSION = YES;
				CLANG_WARN_NON_LITERAL_NULL_CONVERSION = YES;
				CLANG_WARN_OBJC_IMPLICIT_RETAIN_SELF = YES;
				CLANG_WARN_OBJC_LITERAL_CONVERSION = YES;
				CLANG_WARN_OBJC_ROOT_CLASS = YES_ERROR;
				CLANG_WARN_QUOTED_INCLUDE_IN_FRAMEWORK_HEADER = YES;
				CLANG_WARN_RANGE_LOOP_ANALYSIS = YES;
				CLANG_WARN_STRICT_PROTOTYPES = YES;
				CLANG_WARN_SUSPICIOUS_MOVE = YES;
				CLANG_WARN_UNGUARDED_AVAILABILITY = YES_AGGRESSIVE;
				CLANG_WARN_UNREACHABLE_CODE = YES;
				CLANG_WARN__DUPLICATE_METHOD_MATCH = YES;
				COPY_PHASE_STRIP = NO;
				DEBUG_INFORMATION_FORMAT = "dwarf-with-dsym";
				ENABLE_NS_ASSERTIONS = NO;
				ENABLE_STRICT_OBJC_MSGSEND = YES;
				GCC_C_LANGUAGE_STANDARD = gnu11;
				GCC_NO_COMMON_BLOCKS = YES;
				GCC_WARN_64_TO_32_BIT_CONVERSION = YES;
				GCC_WARN_ABOUT_RETURN_TYPE = YES_ERROR;
				GCC_WARN_UNDECLARED_SELECTOR = YES;
				GCC_WARN_UNINITIALIZED_AUTOS = YES_AGGRESSIVE;
				GCC_WARN_UNUSED_FUNCTION = YES;
				GCC_WARN_UNUSED_VARIABLE = YES;
				IPHONEOS_DEPLOYMENT_TARGET = 14.5;
				MTL_ENABLE_DEBUG_INFO = NO;
				MTL_FAST_MATH = YES;
				SDKROOT = iphoneos;
				VALIDATE_PRODUCT = YES;
			};
			name = Release;
		};
		709AC2F42684D8270098E392 /* Debug */ = {
			isa = XCBuildConfiguration;
			buildSettings = {
				ASSETCATALOG_COMPILER_APPICON_NAME = AppIcon;
				ASSETCATALOG_COMPILER_GLOBAL_ACCENT_COLOR_NAME = AccentColor;
				CODE_SIGN_STYLE = Automatic;
				DEVELOPMENT_TEAM = LRC4C3ZCGF;
				INFOPLIST_FILE = Tumblr/Info.plist;
				LD_RUNPATH_SEARCH_PATHS = (
					"$(inherited)",
					"@executable_path/Frameworks",
				);
				PRODUCT_BUNDLE_IDENTIFIER = com.fb.Tumblr;
				PRODUCT_NAME = "$(TARGET_NAME)";
				TARGETED_DEVICE_FAMILY = "1,2";
			};
			name = Debug;
		};
		709AC2F52684D8270098E392 /* Release */ = {
			isa = XCBuildConfiguration;
			buildSettings = {
				ASSETCATALOG_COMPILER_APPICON_NAME = AppIcon;
				ASSETCATALOG_COMPILER_GLOBAL_ACCENT_COLOR_NAME = AccentColor;
				CODE_SIGN_STYLE = Automatic;
				DEVELOPMENT_TEAM = LRC4C3ZCGF;
				INFOPLIST_FILE = Tumblr/Info.plist;
				LD_RUNPATH_SEARCH_PATHS = (
					"$(inherited)",
					"@executable_path/Frameworks",
				);
				PRODUCT_BUNDLE_IDENTIFIER = com.fb.Tumblr;
				PRODUCT_NAME = "$(TARGET_NAME)";
				TARGETED_DEVICE_FAMILY = "1,2";
			};
			name = Release;
		};
		709AC2F72684D8270098E392 /* Debug */ = {
			isa = XCBuildConfiguration;
			buildSettings = {
				BUNDLE_LOADER = "$(TEST_HOST)";
				CODE_SIGN_STYLE = Automatic;
				DEVELOPMENT_TEAM = LRC4C3ZCGF;
				INFOPLIST_FILE = TumblrTests/Info.plist;
				IPHONEOS_DEPLOYMENT_TARGET = 14.5;
				LD_RUNPATH_SEARCH_PATHS = (
					"$(inherited)",
					"@executable_path/Frameworks",
					"@loader_path/Frameworks",
				);
				PRODUCT_BUNDLE_IDENTIFIER = com.fb.TumblrTests;
				PRODUCT_NAME = "$(TARGET_NAME)";
				TARGETED_DEVICE_FAMILY = "1,2";
				TEST_HOST = "$(BUILT_PRODUCTS_DIR)/Tumblr.app/Tumblr";
			};
			name = Debug;
		};
		709AC2F82684D8270098E392 /* Release */ = {
			isa = XCBuildConfiguration;
			buildSettings = {
				BUNDLE_LOADER = "$(TEST_HOST)";
				CODE_SIGN_STYLE = Automatic;
				DEVELOPMENT_TEAM = LRC4C3ZCGF;
				INFOPLIST_FILE = TumblrTests/Info.plist;
				IPHONEOS_DEPLOYMENT_TARGET = 14.5;
				LD_RUNPATH_SEARCH_PATHS = (
					"$(inherited)",
					"@executable_path/Frameworks",
					"@loader_path/Frameworks",
				);
				PRODUCT_BUNDLE_IDENTIFIER = com.fb.TumblrTests;
				PRODUCT_NAME = "$(TARGET_NAME)";
				TARGETED_DEVICE_FAMILY = "1,2";
				TEST_HOST = "$(BUILT_PRODUCTS_DIR)/Tumblr.app/Tumblr";
			};
			name = Release;
		};
		709AC2FA2684D8270098E392 /* Debug */ = {
			isa = XCBuildConfiguration;
			buildSettings = {
				CODE_SIGN_STYLE = Automatic;
				DEVELOPMENT_TEAM = LRC4C3ZCGF;
				INFOPLIST_FILE = TumblrUITests/Info.plist;
				LD_RUNPATH_SEARCH_PATHS = (
					"$(inherited)",
					"@executable_path/Frameworks",
					"@loader_path/Frameworks",
				);
				PRODUCT_BUNDLE_IDENTIFIER = com.fb.TumblrUITests;
				PRODUCT_NAME = "$(TARGET_NAME)";
				TARGETED_DEVICE_FAMILY = "1,2";
				TEST_TARGET_NAME = Tumblr;
			};
			name = Debug;
		};
		709AC2FB2684D8270098E392 /* Release */ = {
			isa = XCBuildConfiguration;
			buildSettings = {
				CODE_SIGN_STYLE = Automatic;
				DEVELOPMENT_TEAM = LRC4C3ZCGF;
				INFOPLIST_FILE = TumblrUITests/Info.plist;
				LD_RUNPATH_SEARCH_PATHS = (
					"$(inherited)",
					"@executable_path/Frameworks",
					"@loader_path/Frameworks",
				);
				PRODUCT_BUNDLE_IDENTIFIER = com.fb.TumblrUITests;
				PRODUCT_NAME = "$(TARGET_NAME)";
				TARGETED_DEVICE_FAMILY = "1,2";
				TEST_TARGET_NAME = Tumblr;
			};
			name = Release;
		};
/* End XCBuildConfiguration section */

/* Begin XCConfigurationList section */
		709AC2BF2684D8260098E392 /* Build configuration list for PBXProject "Tumblr" */ = {
			isa = XCConfigurationList;
			buildConfigurations = (
				709AC2F12684D8270098E392 /* Debug */,
				709AC2F22684D8270098E392 /* Release */,
			);
			defaultConfigurationIsVisible = 0;
			defaultConfigurationName = Release;
		};
		709AC2F32684D8270098E392 /* Build configuration list for PBXNativeTarget "Tumblr" */ = {
			isa = XCConfigurationList;
			buildConfigurations = (
				709AC2F42684D8270098E392 /* Debug */,
				709AC2F52684D8270098E392 /* Release */,
			);
			defaultConfigurationIsVisible = 0;
			defaultConfigurationName = Release;
		};
		709AC2F62684D8270098E392 /* Build configuration list for PBXNativeTarget "TumblrTests" */ = {
			isa = XCConfigurationList;
			buildConfigurations = (
				709AC2F72684D8270098E392 /* Debug */,
				709AC2F82684D8270098E392 /* Release */,
			);
			defaultConfigurationIsVisible = 0;
			defaultConfigurationName = Release;
		};
		709AC2F92684D8270098E392 /* Build configuration list for PBXNativeTarget "TumblrUITests" */ = {
			isa = XCConfigurationList;
			buildConfigurations = (
				709AC2FA2684D8270098E392 /* Debug */,
				709AC2FB2684D8270098E392 /* Release */,
			);
			defaultConfigurationIsVisible = 0;
			defaultConfigurationName = Release;
		};
/* End XCConfigurationList section */
	};
	rootObject = 709AC2BC2684D8260098E392 /* Project object */;
}
